// !$*UTF8*$!
{
	archiveVersion = 1;
	classes = {
	};
	objectVersion = 46;
	objects = {

/* Begin PBXBuildFile section */
		86F3AB3A6269B3387B463586 /* Pods_snoozer.framework in Frameworks */ = {isa = PBXBuildFile; fileRef = EF73306939BE03CF28739535 /* Pods_snoozer.framework */; };
		98C9EA0B1DA3B802005E7AB1 /* AppDelegate.swift in Sources */ = {isa = PBXBuildFile; fileRef = 98C9EA0A1DA3B802005E7AB1 /* AppDelegate.swift */; };
		98C9EA0D1DA3B802005E7AB1 /* ViewController.swift in Sources */ = {isa = PBXBuildFile; fileRef = 98C9EA0C1DA3B802005E7AB1 /* ViewController.swift */; };
		98C9EA121DA3B802005E7AB1 /* Assets.xcassets in Resources */ = {isa = PBXBuildFile; fileRef = 98C9EA111DA3B802005E7AB1 /* Assets.xcassets */; };
		98C9EA151DA3B802005E7AB1 /* LaunchScreen.storyboard in Resources */ = {isa = PBXBuildFile; fileRef = 98C9EA131DA3B802005E7AB1 /* LaunchScreen.storyboard */; };
/* End PBXBuildFile section */

/* Begin PBXFileReference section */
		98C9EA071DA3B802005E7AB1 /* snoozer.app */ = {isa = PBXFileReference; explicitFileType = wrapper.application; includeInIndex = 0; path = snoozer.app; sourceTree = BUILT_PRODUCTS_DIR; };
		98C9EA0A1DA3B802005E7AB1 /* AppDelegate.swift */ = {isa = PBXFileReference; lastKnownFileType = sourcecode.swift; path = AppDelegate.swift; sourceTree = "<group>"; };
		98C9EA0C1DA3B802005E7AB1 /* ViewController.swift */ = {isa = PBXFileReference; lastKnownFileType = sourcecode.swift; path = ViewController.swift; sourceTree = "<group>"; };
		98C9EA111DA3B802005E7AB1 /* Assets.xcassets */ = {isa = PBXFileReference; lastKnownFileType = folder.assetcatalog; path = Assets.xcassets; sourceTree = "<group>"; };
		98C9EA141DA3B802005E7AB1 /* Base */ = {isa = PBXFileReference; lastKnownFileType = file.storyboard; name = Base; path = Base.lproj/LaunchScreen.storyboard; sourceTree = "<group>"; };
		98C9EA161DA3B802005E7AB1 /* Info.plist */ = {isa = PBXFileReference; lastKnownFileType = text.plist.xml; path = Info.plist; sourceTree = "<group>"; };
		DAD86198B67EA0BC501CB63F /* Pods-snoozer.debug.xcconfig */ = {isa = PBXFileReference; includeInIndex = 1; lastKnownFileType = text.xcconfig; name = "Pods-snoozer.debug.xcconfig"; path = "Pods/Target Support Files/Pods-snoozer/Pods-snoozer.debug.xcconfig"; sourceTree = "<group>"; };
		EF73306939BE03CF28739535 /* Pods_snoozer.framework */ = {isa = PBXFileReference; explicitFileType = wrapper.framework; includeInIndex = 0; path = Pods_snoozer.framework; sourceTree = BUILT_PRODUCTS_DIR; };
		F6069A731CB800F812993795 /* Pods-snoozer.release.xcconfig */ = {isa = PBXFileReference; includeInIndex = 1; lastKnownFileType = text.xcconfig; name = "Pods-snoozer.release.xcconfig"; path = "Pods/Target Support Files/Pods-snoozer/Pods-snoozer.release.xcconfig"; sourceTree = "<group>"; };
/* End PBXFileReference section */

/* Begin PBXFrameworksBuildPhase section */
		98C9EA041DA3B802005E7AB1 /* Frameworks */ = {
			isa = PBXFrameworksBuildPhase;
			buildActionMask = 2147483647;
			files = (
				86F3AB3A6269B3387B463586 /* Pods_snoozer.framework in Frameworks */,
			);
			runOnlyForDeploymentPostprocessing = 0;
		};
/* End PBXFrameworksBuildPhase section */

/* Begin PBXGroup section */
		09C35A9613C30F617FA82B8B /* Pods */ = {
			isa = PBXGroup;
			children = (
				DAD86198B67EA0BC501CB63F /* Pods-snoozer.debug.xcconfig */,
				F6069A731CB800F812993795 /* Pods-snoozer.release.xcconfig */,
			);
			name = Pods;
			sourceTree = "<group>";
		};
		6E1734A20546D05E6FBD0C04 /* Frameworks */ = {
			isa = PBXGroup;
			children = (
				EF73306939BE03CF28739535 /* Pods_snoozer.framework */,
			);
			name = Frameworks;
			sourceTree = "<group>";
		};
		98C9E9FE1DA3B802005E7AB1 = {
			isa = PBXGroup;
			children = (
				98C9EA091DA3B802005E7AB1 /* snoozer */,
				98C9EA081DA3B802005E7AB1 /* Products */,
				09C35A9613C30F617FA82B8B /* Pods */,
				6E1734A20546D05E6FBD0C04 /* Frameworks */,
			);
			sourceTree = "<group>";
		};
		98C9EA081DA3B802005E7AB1 /* Products */ = {
			isa = PBXGroup;
			children = (
				98C9EA071DA3B802005E7AB1 /* snoozer.app */,
			);
			name = Products;
			sourceTree = "<group>";
		};
		98C9EA091DA3B802005E7AB1 /* snoozer */ = {
			isa = PBXGroup;
			children = (
				98C9EA0A1DA3B802005E7AB1 /* AppDelegate.swift */,
				98C9EA0C1DA3B802005E7AB1 /* ViewController.swift */,
				98C9EA111DA3B802005E7AB1 /* Assets.xcassets */,
				98C9EA131DA3B802005E7AB1 /* LaunchScreen.storyboard */,
				98C9EA161DA3B802005E7AB1 /* Info.plist */,
			);
			path = snoozer;
			sourceTree = "<group>";
		};
/* End PBXGroup section */

/* Begin PBXNativeTarget section */
		98C9EA061DA3B802005E7AB1 /* snoozer */ = {
			isa = PBXNativeTarget;
			buildConfigurationList = 98C9EA191DA3B802005E7AB1 /* Build configuration list for PBXNativeTarget "snoozer" */;
			buildPhases = (
				9ACC63D4DE285682CA8C1D8F /* [CP] Check Pods Manifest.lock */,
				98C9EA031DA3B802005E7AB1 /* Sources */,
				98C9EA041DA3B802005E7AB1 /* Frameworks */,
				98C9EA051DA3B802005E7AB1 /* Resources */,
				5939EEC1BA6B82B90371C191 /* [CP] Embed Pods Frameworks */,
				19E2FCAFDDD054E910E1152A /* [CP] Copy Pods Resources */,
			);
			buildRules = (
			);
			dependencies = (
			);
			name = snoozer;
			productName = snoozer;
			productReference = 98C9EA071DA3B802005E7AB1 /* snoozer.app */;
			productType = "com.apple.product-type.application";
		};
/* End PBXNativeTarget section */

/* Begin PBXProject section */
		98C9E9FF1DA3B802005E7AB1 /* Project object */ = {
			isa = PBXProject;
			attributes = {
				LastSwiftUpdateCheck = 0800;
				LastUpgradeCheck = 0800;
				TargetAttributes = {
					98C9EA061DA3B802005E7AB1 = {
						CreatedOnToolsVersion = 8.0;
						DevelopmentTeam = 64F4JG42ZZ;
						LastSwiftMigration = 0800;
						ProvisioningStyle = Automatic;
					};
				};
			};
			buildConfigurationList = 98C9EA021DA3B802005E7AB1 /* Build configuration list for PBXProject "snoozer" */;
			compatibilityVersion = "Xcode 3.2";
			developmentRegion = English;
			hasScannedForEncodings = 0;
			knownRegions = (
				en,
				Base,
			);
			mainGroup = 98C9E9FE1DA3B802005E7AB1;
			productRefGroup = 98C9EA081DA3B802005E7AB1 /* Products */;
			projectDirPath = "";
			projectRoot = "";
			targets = (
				98C9EA061DA3B802005E7AB1 /* snoozer */,
			);
		};
/* End PBXProject section */

/* Begin PBXResourcesBuildPhase section */
		98C9EA051DA3B802005E7AB1 /* Resources */ = {
			isa = PBXResourcesBuildPhase;
			buildActionMask = 2147483647;
			files = (
				98C9EA151DA3B802005E7AB1 /* LaunchScreen.storyboard in Resources */,
				98C9EA121DA3B802005E7AB1 /* Assets.xcassets in Resources */,
			);
			runOnlyForDeploymentPostprocessing = 0;
		};
/* End PBXResourcesBuildPhase section */

/* Begin PBXShellScriptBuildPhase section */
		19E2FCAFDDD054E910E1152A /* [CP] Copy Pods Resources */ = {
			isa = PBXShellScriptBuildPhase;
			buildActionMask = 2147483647;
			files = (
			);
			inputPaths = (
			);
			name = "[CP] Copy Pods Resources";
			outputPaths = (
			);
			runOnlyForDeploymentPostprocessing = 0;
			shellPath = /bin/sh;
			shellScript = "\"${SRCROOT}/Pods/Target Support Files/Pods-snoozer/Pods-snoozer-resources.sh\"\n";
			showEnvVarsInLog = 0;
		};
		5939EEC1BA6B82B90371C191 /* [CP] Embed Pods Frameworks */ = {
			isa = PBXShellScriptBuildPhase;
			buildActionMask = 2147483647;
			files = (
			);
			inputPaths = (
			);
			name = "[CP] Embed Pods Frameworks";
			outputPaths = (
			);
			runOnlyForDeploymentPostprocessing = 0;
			shellPath = /bin/sh;
			shellScript = "\"${SRCROOT}/Pods/Target Support Files/Pods-snoozer/Pods-snoozer-frameworks.sh\"\n";
			showEnvVarsInLog = 0;
		};
		9ACC63D4DE285682CA8C1D8F /* [CP] Check Pods Manifest.lock */ = {
			isa = PBXShellScriptBuildPhase;
			buildActionMask = 2147483647;
			files = (
			);
			inputPaths = (
			);
			name = "[CP] Check Pods Manifest.lock";
			outputPaths = (
			);
			runOnlyForDeploymentPostprocessing = 0;
			shellPath = /bin/sh;
			shellScript = "diff \"${PODS_ROOT}/../Podfile.lock\" \"${PODS_ROOT}/Manifest.lock\" > /dev/null\nif [[ $? != 0 ]] ; then\n    cat << EOM\nerror: The sandbox is not in sync with the Podfile.lock. Run 'pod install' or update your CocoaPods installation.\nEOM\n    exit 1\nfi\n";
			showEnvVarsInLog = 0;
		};
/* End PBXShellScriptBuildPhase section */

/* Begin PBXSourcesBuildPhase section */
		98C9EA031DA3B802005E7AB1 /* Sources */ = {
			isa = PBXSourcesBuildPhase;
			buildActionMask = 2147483647;
			files = (
				98C9EA0D1DA3B802005E7AB1 /* ViewController.swift in Sources */,
				98C9EA0B1DA3B802005E7AB1 /* AppDelegate.swift in Sources */,
			);
			runOnlyForDeploymentPostprocessing = 0;
		};
/* End PBXSourcesBuildPhase section */

/* Begin PBXVariantGroup section */
		98C9EA131DA3B802005E7AB1 /* LaunchScreen.storyboard */ = {
			isa = PBXVariantGroup;
			children = (
				98C9EA141DA3B802005E7AB1 /* Base */,
			);
			name = LaunchScreen.storyboard;
			sourceTree = "<group>";
		};
/* End PBXVariantGroup section */

/* Begin XCBuildConfiguration section */
		98C9EA171DA3B802005E7AB1 /* Debug */ = {
			isa = XCBuildConfiguration;
			buildSettings = {
				ALWAYS_SEARCH_USER_PATHS = NO;
				CLANG_ANALYZER_NONNULL = YES;
				CLANG_CXX_LANGUAGE_STANDARD = "gnu++0x";
				CLANG_CXX_LIBRARY = "libc++";
				CLANG_ENABLE_MODULES = YES;
				CLANG_ENABLE_OBJC_ARC = YES;
				CLANG_WARN_BOOL_CONVERSION = YES;
				CLANG_WARN_CONSTANT_CONVERSION = YES;
				CLANG_WARN_DIRECT_OBJC_ISA_USAGE = YES_ERROR;
				CLANG_WARN_DOCUMENTATION_COMMENTS = YES;
				CLANG_WARN_EMPTY_BODY = YES;
				CLANG_WARN_ENUM_CONVERSION = YES;
				CLANG_WARN_INFINITE_RECURSION = YES;
				CLANG_WARN_INT_CONVERSION = YES;
				CLANG_WARN_OBJC_ROOT_CLASS = YES_ERROR;
				CLANG_WARN_SUSPICIOUS_MOVES = YES;
				CLANG_WARN_UNREACHABLE_CODE = YES;
				CLANG_WARN__DUPLICATE_METHOD_MATCH = YES;
				"CODE_SIGN_IDENTITY[sdk=iphoneos*]" = "iPhone Developer";
				COPY_PHASE_STRIP = NO;
				DEBUG_INFORMATION_FORMAT = dwarf;
				ENABLE_STRICT_OBJC_MSGSEND = YES;
				ENABLE_TESTABILITY = YES;
				GCC_C_LANGUAGE_STANDARD = gnu99;
				GCC_DYNAMIC_NO_PIC = NO;
				GCC_NO_COMMON_BLOCKS = YES;
				GCC_OPTIMIZATION_LEVEL = 0;
				GCC_PREPROCESSOR_DEFINITIONS = (
					"DEBUG=1",
					"$(inherited)",
				);
				GCC_WARN_64_TO_32_BIT_CONVERSION = YES;
				GCC_WARN_ABOUT_RETURN_TYPE = YES_ERROR;
				GCC_WARN_UNDECLARED_SELECTOR = YES;
				GCC_WARN_UNINITIALIZED_AUTOS = YES_AGGRESSIVE;
				GCC_WARN_UNUSED_FUNCTION = YES;
				GCC_WARN_UNUSED_VARIABLE = YES;
				IPHONEOS_DEPLOYMENT_TARGET = 10.0;
				MTL_ENABLE_DEBUG_INFO = YES;
				ONLY_ACTIVE_ARCH = YES;
				SDKROOT = iphoneos;
				SWIFT_ACTIVE_COMPILATION_CONDITIONS = DEBUG;
				SWIFT_OPTIMIZATION_LEVEL = "-Onone";
			};
			name = Debug;
		};
		98C9EA181DA3B802005E7AB1 /* Release */ = {
			isa = XCBuildConfiguration;
			buildSettings = {
				ALWAYS_SEARCH_USER_PATHS = NO;
				CLANG_ANALYZER_NONNULL = YES;
				CLANG_CXX_LANGUAGE_STANDARD = "gnu++0x";
				CLANG_CXX_LIBRARY = "libc++";
				CLANG_ENABLE_MODULES = YES;
				CLANG_ENABLE_OBJC_ARC = YES;
				CLANG_WARN_BOOL_CONVERSION = YES;
				CLANG_WARN_CONSTANT_CONVERSION = YES;
				CLANG_WARN_DIRECT_OBJC_ISA_USAGE = YES_ERROR;
				CLANG_WARN_DOCUMENTATION_COMMENTS = YES;
				CLANG_WARN_EMPTY_BODY = YES;
				CLANG_WARN_ENUM_CONVERSION = YES;
				CLANG_WARN_INFINITE_RECURSION = YES;
				CLANG_WARN_INT_CONVERSION = YES;
				CLANG_WARN_OBJC_ROOT_CLASS = YES_ERROR;
				CLANG_WARN_SUSPICIOUS_MOVES = YES;
				CLANG_WARN_UNREACHABLE_CODE = YES;
				CLANG_WARN__DUPLICATE_METHOD_MATCH = YES;
				"CODE_SIGN_IDENTITY[sdk=iphoneos*]" = "iPhone Developer";
				COPY_PHASE_STRIP = NO;
				DEBUG_INFORMATION_FORMAT = "dwarf-with-dsym";
				ENABLE_NS_ASSERTIONS = NO;
				ENABLE_STRICT_OBJC_MSGSEND = YES;
				GCC_C_LANGUAGE_STANDARD = gnu99;
				GCC_NO_COMMON_BLOCKS = YES;
				GCC_WARN_64_TO_32_BIT_CONVERSION = YES;
				GCC_WARN_ABOUT_RETURN_TYPE = YES_ERROR;
				GCC_WARN_UNDECLARED_SELECTOR = YES;
				GCC_WARN_UNINITIALIZED_AUTOS = YES_AGGRESSIVE;
				GCC_WARN_UNUSED_FUNCTION = YES;
				GCC_WARN_UNUSED_VARIABLE = YES;
				IPHONEOS_DEPLOYMENT_TARGET = 10.0;
				MTL_ENABLE_DEBUG_INFO = NO;
				SDKROOT = iphoneos;
				SWIFT_OPTIMIZATION_LEVEL = "-Owholemodule";
				VALIDATE_PRODUCT = YES;
			};
			name = Release;
		};
		98C9EA1A1DA3B802005E7AB1 /* Debug */ = {
			isa = XCBuildConfiguration;
			baseConfigurationReference = DAD86198B67EA0BC501CB63F /* Pods-snoozer.debug.xcconfig */;
			buildSettings = {
				ASSETCATALOG_COMPILER_APPICON_NAME = AppIcon;
				CLANG_ENABLE_MODULES = YES;
				DEVELOPMENT_TEAM = 64F4JG42ZZ;
				INFOPLIST_FILE = snoozer/Info.plist;
				LD_RUNPATH_SEARCH_PATHS = "$(inherited) @executable_path/Frameworks";
				PRODUCT_BUNDLE_IDENTIFIER = com.kamidude.snoozer;
				PRODUCT_NAME = "$(TARGET_NAME)";
				SWIFT_OPTIMIZATION_LEVEL = "-Onone";
				SWIFT_VERSION = 3.0;
			};
			name = Debug;
		};
		98C9EA1B1DA3B802005E7AB1 /* Release */ = {
			isa = XCBuildConfiguration;
			baseConfigurationReference = F6069A731CB800F812993795 /* Pods-snoozer.release.xcconfig */;
			buildSettings = {
				ASSETCATALOG_COMPILER_APPICON_NAME = AppIcon;
				CLANG_ENABLE_MODULES = YES;
				DEVELOPMENT_TEAM = 64F4JG42ZZ;
				INFOPLIST_FILE = snoozer/Info.plist;
				LD_RUNPATH_SEARCH_PATHS = "$(inherited) @executable_path/Frameworks";
				PRODUCT_BUNDLE_IDENTIFIER = com.kamidude.snoozer;
				PRODUCT_NAME = "$(TARGET_NAME)";
				SWIFT_VERSION = 3.0;
			};
			name = Release;
		};
/* End XCBuildConfiguration section */

/* Begin XCConfigurationList section */
		98C9EA021DA3B802005E7AB1 /* Build configuration list for PBXProject "snoozer" */ = {
			isa = XCConfigurationList;
			buildConfigurations = (
				98C9EA171DA3B802005E7AB1 /* Debug */,
				98C9EA181DA3B802005E7AB1 /* Release */,
			);
			defaultConfigurationIsVisible = 0;
			defaultConfigurationName = Release;
		};
		98C9EA191DA3B802005E7AB1 /* Build configuration list for PBXNativeTarget "snoozer" */ = {
			isa = XCConfigurationList;
			buildConfigurations = (
				98C9EA1A1DA3B802005E7AB1 /* Debug */,
				98C9EA1B1DA3B802005E7AB1 /* Release */,
			);
			defaultConfigurationIsVisible = 0;
			defaultConfigurationName = Release;
		};
/* End XCConfigurationList section */
	};
	rootObject = 98C9E9FF1DA3B802005E7AB1 /* Project object */;
}
