PODS:
  - "!ProtoCompiler (3.0.0)":
    - Protobuf (~> 3.0)
  - "!ProtoCompiler-gRPCPlugin (1.0.0)":
    - "!ProtoCompiler (= 3.0.0)"
    - gRPC-ProtoRPC (= 1.0.0)
  - BoringSSL (6.0):
    - BoringSSL/Implementation (= 6.0)
    - BoringSSL/Interface (= 6.0)
  - BoringSSL/Implementation (6.0):
    - BoringSSL/Interface (= 6.0)
  - BoringSSL/Interface (6.0)
  - gRPC (1.0.0):
    - gRPC-Core (= 1.0.0)
    - gRPC-RxLibrary (= 1.0.0)
  - gRPC-Core (1.0.0):
    - gRPC-Core/Implementation (= 1.0.0)
    - gRPC-Core/Interface (= 1.0.0)
  - gRPC-Core/Implementation (1.0.0):
    - BoringSSL (~> 6.0)
    - gRPC-Core/Interface (= 1.0.0)
  - gRPC-Core/Interface (1.0.0)
  - gRPC-ProtoRPC (1.0.0):
    - gRPC (= 1.0.0)
    - gRPC-RxLibrary (= 1.0.0)
    - Protobuf (~> 3.0)
  - gRPC-RxLibrary (1.0.0)
  - MGSwipeTableCell (1.5.6)
  - OAuthSwift (1.0.0)
  - Protobuf (3.1.0)
  - SnapKit (3.0.1)
  - SnoozerRPC (0.0.7):
    - "!ProtoCompiler-gRPCPlugin (~> 1.0)"
    - SnoozerRPC/Messages (= 0.0.7)
    - SnoozerRPC/Services (= 0.0.7)
  - SnoozerRPC/Messages (0.0.7):
    - "!ProtoCompiler-gRPCPlugin (~> 1.0)"
    - Protobuf
  - SnoozerRPC/Services (0.0.7):
    - "!ProtoCompiler-gRPCPlugin (~> 1.0)"
    - gRPC-ProtoRPC
    - SnoozerRPC/Messages

DEPENDENCIES:
  - MGSwipeTableCell
  - OAuthSwift (from `https://github.com/OAuthSwift/OAuthSwift.git`, branch `master`)
  - SnapKit (~> 3.0)
  - SnoozerRPC (from `.`)

EXTERNAL SOURCES:
  OAuthSwift:
    :branch: master
    :git: https://github.com/OAuthSwift/OAuthSwift.git
  SnoozerRPC:
    :path: "."

CHECKOUT OPTIONS:
  OAuthSwift:
    :commit: 3d0f81ae5c4cf2e1509481b7ff97f9c33a519622
    :git: https://github.com/OAuthSwift/OAuthSwift.git

SPEC CHECKSUMS:
  "!ProtoCompiler": b2bedbd8cbdafca8f73c2c52abfcc1a5ce0f5ff7
  "!ProtoCompiler-gRPCPlugin": c3f70b2094c99dcef29dd0658416f25c35a1c6f3
  BoringSSL: 8de34f3100d671c9cbc494e1a462004c486d7e34
  gRPC: 2d6b82f7a8773f933465bcbdf519a7cf8ebef41c
  gRPC-Core: 7ce9d18a7fb9fffc0f57646608d0741782b16996
  gRPC-ProtoRPC: 51745b5ebe4a844dc6e1ecf767d74ae3d124ea1e
  gRPC-RxLibrary: 3a8c5543115fb2183ed5624678e7ecbac5e9e4ad
  MGSwipeTableCell: 616700eb0ffd1c611ba909066cb7fd739790a0a7
  OAuthSwift: '08e79dc7c071418daeb9a4752a81141b1d9acc63'
  Protobuf: 265e9977d04a83eba9cefb0bed3ad07e41033b4a
  SnapKit: f818b8326d45b4e1c777d0ab27b5c0a3624bfdeb
  SnoozerRPC: 85ad48ca434d57287e3c7a1d1f406eb63ce102c2

PODFILE CHECKSUM: c888cf3aba8a501aec19a5728b619689e702e461

COCOAPODS: 1.0.1
